
Microsoft Visual Studio Solution File, Format Version 12.00
# Visual Studio Version 17
VisualStudioVersion = 17.3.32929.385
MinimumVisualStudioVersion = 10.0.40219.1
Project("{FAE04EC0-301F-11D3-BF4B-00C04F79EFBC}") = "Exception, Reflection task", "Exception, Reflection task\Exception, Reflection task.csproj", "{FC978571-CD0D-40A2-9FC9-1D032767E756}"
EndProject
Global
	GlobalSection(SolutionConfigurationPlatforms) = preSolution
		Debug|Any CPU = Debug|Any CPU
		Release|Any CPU = Release|Any CPU
	EndGlobalSection
	GlobalSection(ProjectConfigurationPlatforms) = postSolution
		{FC978571-CD0D-40A2-9FC9-1D032767E756}.Debug|Any CPU.ActiveCfg = Debug|Any CPU
		{FC978571-CD0D-40A2-9FC9-1D032767E756}.Debug|Any CPU.Build.0 = Debug|Any CPU
		{FC978571-CD0D-40A2-9FC9-1D032767E756}.Release|Any CPU.ActiveCfg = Release|Any CPU
		{FC978571-CD0D-40A2-9FC9-1D032767E756}.Release|Any CPU.Build.0 = Release|Any CPU
	EndGlobalSection
	GlobalSection(SolutionProperties) = preSolution
		HideSolutionNode = FALSE
	EndGlobalSection
	GlobalSection(ExtensibilityGlobals) = postSolution
		SolutionGuid = {018F47B5-E42F-4FE7-A22C-DAE9CECAD4AD}
	EndGlobalSection
EndGlobal
